// !$*UTF8*$!
{
	archiveVersion = 1;
	classes = {
	};
	objectVersion = 46;
	objects = {

/* Begin PBXBuildFile section */
		780713D01E838B2B0056C1ED /* AppDelegate.swift in Sources */ = {isa = PBXBuildFile; fileRef = 780713CF1E838B2B0056C1ED /* AppDelegate.swift */; };
		780713D21E838B2B0056C1ED /* RecordSoundsViewController.swift in Sources */ = {isa = PBXBuildFile; fileRef = 780713D11E838B2B0056C1ED /* RecordSoundsViewController.swift */; };
		780713D51E838B2B0056C1ED /* Main.storyboard in Resources */ = {isa = PBXBuildFile; fileRef = 780713D31E838B2B0056C1ED /* Main.storyboard */; };
		780713D71E838B2B0056C1ED /* Assets.xcassets in Resources */ = {isa = PBXBuildFile; fileRef = 780713D61E838B2B0056C1ED /* Assets.xcassets */; };
		780713DA1E838B2B0056C1ED /* LaunchScreen.storyboard in Resources */ = {isa = PBXBuildFile; fileRef = 780713D81E838B2B0056C1ED /* LaunchScreen.storyboard */; };
		780713E21E8637B20056C1ED /* PlaySoundViewController.swift in Sources */ = {isa = PBXBuildFile; fileRef = 780713E11E8637B20056C1ED /* PlaySoundViewController.swift */; };
		7827F0FD1E887B9C00F6B69A /* PlaySoundViewController+Audio.swift in Sources */ = {isa = PBXBuildFile; fileRef = 7827F0FC1E887B9C00F6B69A /* PlaySoundViewController+Audio.swift */; };
/* End PBXBuildFile section */

/* Begin PBXFileReference section */
		780713CC1E838B2B0056C1ED /* Pitch Perfect.app */ = {isa = PBXFileReference; explicitFileType = wrapper.application; includeInIndex = 0; path = "Pitch Perfect.app"; sourceTree = BUILT_PRODUCTS_DIR; };
		780713CF1E838B2B0056C1ED /* AppDelegate.swift */ = {isa = PBXFileReference; lastKnownFileType = sourcecode.swift; path = AppDelegate.swift; sourceTree = "<group>"; };
		780713D11E838B2B0056C1ED /* RecordSoundsViewController.swift */ = {isa = PBXFileReference; lastKnownFileType = sourcecode.swift; path = RecordSoundsViewController.swift; sourceTree = "<group>"; };
		780713D41E838B2B0056C1ED /* Base */ = {isa = PBXFileReference; lastKnownFileType = file.storyboard; name = Base; path = Base.lproj/Main.storyboard; sourceTree = "<group>"; };
		780713D61E838B2B0056C1ED /* Assets.xcassets */ = {isa = PBXFileReference; lastKnownFileType = folder.assetcatalog; path = Assets.xcassets; sourceTree = "<group>"; };
		780713D91E838B2B0056C1ED /* Base */ = {isa = PBXFileReference; lastKnownFileType = file.storyboard; name = Base; path = Base.lproj/LaunchScreen.storyboard; sourceTree = "<group>"; };
		780713DB1E838B2B0056C1ED /* Info.plist */ = {isa = PBXFileReference; lastKnownFileType = text.plist.xml; path = Info.plist; sourceTree = "<group>"; };
		780713E11E8637B20056C1ED /* PlaySoundViewController.swift */ = {isa = PBXFileReference; fileEncoding = 4; lastKnownFileType = sourcecode.swift; path = PlaySoundViewController.swift; sourceTree = "<group>"; };
		7827F0FC1E887B9C00F6B69A /* PlaySoundViewController+Audio.swift */ = {isa = PBXFileReference; fileEncoding = 4; lastKnownFileType = sourcecode.swift; path = "PlaySoundViewController+Audio.swift"; sourceTree = "<group>"; };
/* End PBXFileReference section */

/* Begin PBXFrameworksBuildPhase section */
		780713C91E838B2B0056C1ED /* Frameworks */ = {
			isa = PBXFrameworksBuildPhase;
			buildActionMask = 2147483647;
			files = (
			);
			runOnlyForDeploymentPostprocessing = 0;
		};
/* End PBXFrameworksBuildPhase section */

/* Begin PBXGroup section */
		780713C31E838B2B0056C1ED = {
			isa = PBXGroup;
			children = (
				780713CE1E838B2B0056C1ED /* Pitch Perfect */,
				780713CD1E838B2B0056C1ED /* Products */,
			);
			sourceTree = "<group>";
		};
		780713CD1E838B2B0056C1ED /* Products */ = {
			isa = PBXGroup;
			children = (
				780713CC1E838B2B0056C1ED /* Pitch Perfect.app */,
			);
			name = Products;
			sourceTree = "<group>";
		};
		780713CE1E838B2B0056C1ED /* Pitch Perfect */ = {
			isa = PBXGroup;
			children = (
				780713CF1E838B2B0056C1ED /* AppDelegate.swift */,
				780713D11E838B2B0056C1ED /* RecordSoundsViewController.swift */,
				780713D31E838B2B0056C1ED /* Main.storyboard */,
				780713D61E838B2B0056C1ED /* Assets.xcassets */,
				780713D81E838B2B0056C1ED /* LaunchScreen.storyboard */,
				780713DB1E838B2B0056C1ED /* Info.plist */,
				780713E11E8637B20056C1ED /* PlaySoundViewController.swift */,
				7827F0FC1E887B9C00F6B69A /* PlaySoundViewController+Audio.swift */,
			);
			path = "Pitch Perfect";
			sourceTree = "<group>";
		};
/* End PBXGroup section */

/* Begin PBXNativeTarget section */
		780713CB1E838B2B0056C1ED /* Pitch Perfect */ = {
			isa = PBXNativeTarget;
			buildConfigurationList = 780713DE1E838B2B0056C1ED /* Build configuration list for PBXNativeTarget "Pitch Perfect" */;
			buildPhases = (
				780713C81E838B2B0056C1ED /* Sources */,
				780713C91E838B2B0056C1ED /* Frameworks */,
				780713CA1E838B2B0056C1ED /* Resources */,
			);
			buildRules = (
			);
			dependencies = (
			);
			name = "Pitch Perfect";
			productName = "Pitch Perfect";
			productReference = 780713CC1E838B2B0056C1ED /* Pitch Perfect.app */;
			productType = "com.apple.product-type.application";
		};
/* End PBXNativeTarget section */

/* Begin PBXProject section */
		780713C41E838B2B0056C1ED /* Project object */ = {
			isa = PBXProject;
			attributes = {
				LastSwiftUpdateCheck = 0820;
				LastUpgradeCheck = 0820;
				ORGANIZATIONNAME = "Udacity - Gregory Ray";
				TargetAttributes = {
					780713CB1E838B2B0056C1ED = {
						CreatedOnToolsVersion = 8.2.1;
						ProvisioningStyle = Automatic;
					};
				};
			};
			buildConfigurationList = 780713C71E838B2B0056C1ED /* Build configuration list for PBXProject "Pitch Perfect" */;
			compatibilityVersion = "Xcode 3.2";
			developmentRegion = English;
			hasScannedForEncodings = 0;
			knownRegions = (
				en,
				Base,
			);
			mainGroup = 780713C31E838B2B0056C1ED;
			productRefGroup = 780713CD1E838B2B0056C1ED /* Products */;
			projectDirPath = "";
			projectRoot = "";
			targets = (
				780713CB1E838B2B0056C1ED /* Pitch Perfect */,
			);
		};
/* End PBXProject section */

/* Begin PBXResourcesBuildPhase section */
		780713CA1E838B2B0056C1ED /* Resources */ = {
			isa = PBXResourcesBuildPhase;
			buildActionMask = 2147483647;
			files = (
				780713DA1E838B2B0056C1ED /* LaunchScreen.storyboard in Resources */,
				780713D71E838B2B0056C1ED /* Assets.xcassets in Resources */,
				780713D51E838B2B0056C1ED /* Main.storyboard in Resources */,
			);
			runOnlyForDeploymentPostprocessing = 0;
		};
/* End PBXResourcesBuildPhase section */

/* Begin PBXSourcesBuildPhase section */
		780713C81E838B2B0056C1ED /* Sources */ = {
			isa = PBXSourcesBuildPhase;
			buildActionMask = 2147483647;
			files = (
				780713D21E838B2B0056C1ED /* RecordSoundsViewController.swift in Sources */,
				7827F0FD1E887B9C00F6B69A /* PlaySoundViewController+Audio.swift in Sources */,
				780713E21E8637B20056C1ED /* PlaySoundViewController.swift in Sources */,
				780713D01E838B2B0056C1ED /* AppDelegate.swift in Sources */,
			);
			runOnlyForDeploymentPostprocessing = 0;
		};
/* End PBXSourcesBuildPhase section */

/* Begin PBXVariantGroup section */
		780713D31E838B2B0056C1ED /* Main.storyboard */ = {
			isa = PBXVariantGroup;
			children = (
				780713D41E838B2B0056C1ED /* Base */,
			);
			name = Main.storyboard;
			sourceTree = "<group>";
		};
		780713D81E838B2B0056C1ED /* LaunchScreen.storyboard */ = {
			isa = PBXVariantGroup;
			children = (
				780713D91E838B2B0056C1ED /* Base */,
			);
			name = LaunchScreen.storyboard;
			sourceTree = "<group>";
		};
/* End PBXVariantGroup section */

/* Begin XCBuildConfiguration section */
		780713DC1E838B2B0056C1ED /* Debug */ = {
			isa = XCBuildConfiguration;
			buildSettings = {
				ALWAYS_SEARCH_USER_PATHS = NO;
				CLANG_ANALYZER_NONNULL = YES;
				CLANG_CXX_LANGUAGE_STANDARD = "gnu++0x";
				CLANG_CXX_LIBRARY = "libc++";
				CLANG_ENABLE_MODULES = YES;
				CLANG_ENABLE_OBJC_ARC = YES;
				CLANG_WARN_BOOL_CONVERSION = YES;
				CLANG_WARN_CONSTANT_CONVERSION = YES;
				CLANG_WARN_DIRECT_OBJC_ISA_USAGE = YES_ERROR;
				CLANG_WARN_DOCUMENTATION_COMMENTS = YES;
				CLANG_WARN_EMPTY_BODY = YES;
				CLANG_WARN_ENUM_CONVERSION = YES;
				CLANG_WARN_INFINITE_RECURSION = YES;
				CLANG_WARN_INT_CONVERSION = YES;
				CLANG_WARN_OBJC_ROOT_CLASS = YES_ERROR;
				CLANG_WARN_SUSPICIOUS_MOVE = YES;
				CLANG_WARN_UNREACHABLE_CODE = YES;
				CLANG_WARN__DUPLICATE_METHOD_MATCH = YES;
				"CODE_SIGN_IDENTITY[sdk=iphoneos*]" = "iPhone Developer";
				COPY_PHASE_STRIP = NO;
				DEBUG_INFORMATION_FORMAT = dwarf;
				ENABLE_STRICT_OBJC_MSGSEND = YES;
				ENABLE_TESTABILITY = YES;
				GCC_C_LANGUAGE_STANDARD = gnu99;
				GCC_DYNAMIC_NO_PIC = NO;
				GCC_NO_COMMON_BLOCKS = YES;
				GCC_OPTIMIZATION_LEVEL = 0;
				GCC_PREPROCESSOR_DEFINITIONS = (
					"DEBUG=1",
					"$(inherited)",
				);
				GCC_WARN_64_TO_32_BIT_CONVERSION = YES;
				GCC_WARN_ABOUT_RETURN_TYPE = YES_ERROR;
				GCC_WARN_UNDECLARED_SELECTOR = YES;
				GCC_WARN_UNINITIALIZED_AUTOS = YES_AGGRESSIVE;
				GCC_WARN_UNUSED_FUNCTION = YES;
				GCC_WARN_UNUSED_VARIABLE = YES;
				IPHONEOS_DEPLOYMENT_TARGET = 10.2;
				MTL_ENABLE_DEBUG_INFO = YES;
				ONLY_ACTIVE_ARCH = YES;
				SDKROOT = iphoneos;
				SWIFT_ACTIVE_COMPILATION_CONDITIONS = DEBUG;
				SWIFT_OPTIMIZATION_LEVEL = "-Onone";
				TARGETED_DEVICE_FAMILY = "1,2";
			};
			name = Debug;
		};
		780713DD1E838B2B0056C1ED /* Release */ = {
			isa = XCBuildConfiguration;
			buildSettings = {
				ALWAYS_SEARCH_USER_PATHS = NO;
				CLANG_ANALYZER_NONNULL = YES;
				CLANG_CXX_LANGUAGE_STANDARD = "gnu++0x";
				CLANG_CXX_LIBRARY = "libc++";
				CLANG_ENABLE_MODULES = YES;
				CLANG_ENABLE_OBJC_ARC = YES;
				CLANG_WARN_BOOL_CONVERSION = YES;
				CLANG_WARN_CONSTANT_CONVERSION = YES;
				CLANG_WARN_DIRECT_OBJC_ISA_USAGE = YES_ERROR;
				CLANG_WARN_DOCUMENTATION_COMMENTS = YES;
				CLANG_WARN_EMPTY_BODY = YES;
				CLANG_WARN_ENUM_CONVERSION = YES;
				CLANG_WARN_INFINITE_RECURSION = YES;
				CLANG_WARN_INT_CONVERSION = YES;
				CLANG_WARN_OBJC_ROOT_CLASS = YES_ERROR;
				CLANG_WARN_SUSPICIOUS_MOVE = YES;
				CLANG_WARN_UNREACHABLE_CODE = YES;
				CLANG_WARN__DUPLICATE_METHOD_MATCH = YES;
				"CODE_SIGN_IDENTITY[sdk=iphoneos*]" = "iPhone Developer";
				COPY_PHASE_STRIP = NO;
				DEBUG_INFORMATION_FORMAT = "dwarf-with-dsym";
				ENABLE_NS_ASSERTIONS = NO;
				ENABLE_STRICT_OBJC_MSGSEND = YES;
				GCC_C_LANGUAGE_STANDARD = gnu99;
				GCC_NO_COMMON_BLOCKS = YES;
				GCC_WARN_64_TO_32_BIT_CONVERSION = YES;
				GCC_WARN_ABOUT_RETURN_TYPE = YES_ERROR;
				GCC_WARN_UNDECLARED_SELECTOR = YES;
				GCC_WARN_UNINITIALIZED_AUTOS = YES_AGGRESSIVE;
				GCC_WARN_UNUSED_FUNCTION = YES;
				GCC_WARN_UNUSED_VARIABLE = YES;
				IPHONEOS_DEPLOYMENT_TARGET = 10.2;
				MTL_ENABLE_DEBUG_INFO = NO;
				SDKROOT = iphoneos;
				SWIFT_OPTIMIZATION_LEVEL = "-Owholemodule";
				TARGETED_DEVICE_FAMILY = "1,2";
				VALIDATE_PRODUCT = YES;
			};
			name = Release;
		};
		780713DF1E838B2B0056C1ED /* Debug */ = {
			isa = XCBuildConfiguration;
			buildSettings = {
				ASSETCATALOG_COMPILER_APPICON_NAME = AppIcon;
				INFOPLIST_FILE = "Pitch Perfect/Info.plist";
				LD_RUNPATH_SEARCH_PATHS = "$(inherited) @executable_path/Frameworks";
				PRODUCT_BUNDLE_IDENTIFIER = "com.gregory.ray.udacity.Pitch-Perfect";
				PRODUCT_NAME = "$(TARGET_NAME)";
				SWIFT_VERSION = 3.0;
			};
			name = Debug;
		};
		780713E01E838B2B0056C1ED /* Release */ = {
			isa = XCBuildConfiguration;
			buildSettings = {
				ASSETCATALOG_COMPILER_APPICON_NAME = AppIcon;
				INFOPLIST_FILE = "Pitch Perfect/Info.plist";
				LD_RUNPATH_SEARCH_PATHS = "$(inherited) @executable_path/Frameworks";
				PRODUCT_BUNDLE_IDENTIFIER = "com.gregory.ray.udacity.Pitch-Perfect";
				PRODUCT_NAME = "$(TARGET_NAME)";
				SWIFT_VERSION = 3.0;
			};
			name = Release;
		};
/* End XCBuildConfiguration section */

/* Begin XCConfigurationList section */
		780713C71E838B2B0056C1ED /* Build configuration list for PBXProject "Pitch Perfect" */ = {
			isa = XCConfigurationList;
			buildConfigurations = (
				780713DC1E838B2B0056C1ED /* Debug */,
				780713DD1E838B2B0056C1ED /* Release */,
			);
			defaultConfigurationIsVisible = 0;
			defaultConfigurationName = Release;
		};
		780713DE1E838B2B0056C1ED /* Build configuration list for PBXNativeTarget "Pitch Perfect" */ = {
			isa = XCConfigurationList;
			buildConfigurations = (
				780713DF1E838B2B0056C1ED /* Debug */,
				780713E01E838B2B0056C1ED /* Release */,
			);
			defaultConfigurationIsVisible = 0;
			defaultConfigurationName = Release;
		};
/* End XCConfigurationList section */
	};
	rootObject = 780713C41E838B2B0056C1ED /* Project object */;
}
